// !$*UTF8*$!
{
	archiveVersion = 1;
	classes = {
	};
	objectVersion = 56;
	objects = {

/* Begin PBXBuildFile section */
		030032F02A5D676200AC9516 /* OpenAIRequest.swift in Sources */ = {isa = PBXBuildFile; fileRef = 030032EF2A5D676200AC9516 /* OpenAIRequest.swift */; };
		03003F382A5D747000AC9516 /* OpenAIResponse.swift in Sources */ = {isa = PBXBuildFile; fileRef = 03003F372A5D747000AC9516 /* OpenAIResponse.swift */; };
		0397EB0E2A6027B700F659C0 /* JsonTool.swift in Sources */ = {isa = PBXBuildFile; fileRef = 0397EB0D2A6027B700F659C0 /* JsonTool.swift */; };
		057A71312A5B9E9C005BFE43 /* HackathonApp.swift in Sources */ = {isa = PBXBuildFile; fileRef = 057A71302A5B9E9C005BFE43 /* HackathonApp.swift */; };
		057A71332A5B9E9C005BFE43 /* ContentView.swift in Sources */ = {isa = PBXBuildFile; fileRef = 057A71322A5B9E9C005BFE43 /* ContentView.swift */; };
		057A71352A5B9E9D005BFE43 /* Assets.xcassets in Resources */ = {isa = PBXBuildFile; fileRef = 057A71342A5B9E9D005BFE43 /* Assets.xcassets */; };
		057A71382A5B9E9D005BFE43 /* Preview Assets.xcassets in Resources */ = {isa = PBXBuildFile; fileRef = 057A71372A5B9E9D005BFE43 /* Preview Assets.xcassets */; };
		057A99612A5C36C0005BFE43 /* StoryGeneratorView.swift in Sources */ = {isa = PBXBuildFile; fileRef = 057A99602A5C36C0005BFE43 /* StoryGeneratorView.swift */; };
		057AB0462A5D77D6005BFE43 /* ShotListView.swift in Sources */ = {isa = PBXBuildFile; fileRef = 057AB0452A5D77D6005BFE43 /* ShotListView.swift */; };
		057AB0482A5D7CD1005BFE43 /* EditShotView.swift in Sources */ = {isa = PBXBuildFile; fileRef = 057AB0472A5D7CD1005BFE43 /* EditShotView.swift */; };
		057AC8AE2A5E931E005BFE43 /* MockData.swift in Sources */ = {isa = PBXBuildFile; fileRef = 057AC8AD2A5E931E005BFE43 /* MockData.swift */; };
		057AD9602A602B5E005BFE43 /* CannyAPI.swift in Sources */ = {isa = PBXBuildFile; fileRef = 057AD95F2A602B5E005BFE43 /* CannyAPI.swift */; };
		057AD9622A602EDE005BFE43 /* Alamofire+Await.swift in Sources */ = {isa = PBXBuildFile; fileRef = 057AD9612A602EDE005BFE43 /* Alamofire+Await.swift */; };
		057AD9662A6120D1005BFE43 /* OpenCVWrapper.mm in Sources */ = {isa = PBXBuildFile; fileRef = 057AD9652A6120D1005BFE43 /* OpenCVWrapper.mm */; };
		BA02D638DF1705019F614B88 /* Pods_Hackathon.framework in Frameworks */ = {isa = PBXBuildFile; fileRef = 10898F4F48064F50292862E7 /* Pods_Hackathon.framework */; };
/* End PBXBuildFile section */

/* Begin PBXFileReference section */
		030032EF2A5D676200AC9516 /* OpenAIRequest.swift */ = {isa = PBXFileReference; fileEncoding = 4; lastKnownFileType = sourcecode.swift; path = OpenAIRequest.swift; sourceTree = "<group>"; };
		030032F12A5D68C600AC9516 /* Info.plist */ = {isa = PBXFileReference; lastKnownFileType = text.plist; path = Info.plist; sourceTree = "<group>"; };
		03003F372A5D747000AC9516 /* OpenAIResponse.swift */ = {isa = PBXFileReference; lastKnownFileType = sourcecode.swift; path = OpenAIResponse.swift; sourceTree = "<group>"; };
		0397EB0D2A6027B700F659C0 /* JsonTool.swift */ = {isa = PBXFileReference; fileEncoding = 4; lastKnownFileType = sourcecode.swift; path = JsonTool.swift; sourceTree = "<group>"; };
		057A712D2A5B9E9C005BFE43 /* Hackathon.app */ = {isa = PBXFileReference; explicitFileType = wrapper.application; includeInIndex = 0; path = Hackathon.app; sourceTree = BUILT_PRODUCTS_DIR; };
		057A71302A5B9E9C005BFE43 /* HackathonApp.swift */ = {isa = PBXFileReference; lastKnownFileType = sourcecode.swift; path = HackathonApp.swift; sourceTree = "<group>"; };
		057A71322A5B9E9C005BFE43 /* ContentView.swift */ = {isa = PBXFileReference; lastKnownFileType = sourcecode.swift; path = ContentView.swift; sourceTree = "<group>"; };
		057A71342A5B9E9D005BFE43 /* Assets.xcassets */ = {isa = PBXFileReference; lastKnownFileType = folder.assetcatalog; path = Assets.xcassets; sourceTree = "<group>"; };
		057A71372A5B9E9D005BFE43 /* Preview Assets.xcassets */ = {isa = PBXFileReference; lastKnownFileType = folder.assetcatalog; path = "Preview Assets.xcassets"; sourceTree = "<group>"; };
		057A99602A5C36C0005BFE43 /* StoryGeneratorView.swift */ = {isa = PBXFileReference; lastKnownFileType = sourcecode.swift; path = StoryGeneratorView.swift; sourceTree = "<group>"; };
		057AB0452A5D77D6005BFE43 /* ShotListView.swift */ = {isa = PBXFileReference; lastKnownFileType = sourcecode.swift; path = ShotListView.swift; sourceTree = "<group>"; };
		057AB0472A5D7CD1005BFE43 /* EditShotView.swift */ = {isa = PBXFileReference; lastKnownFileType = sourcecode.swift; path = EditShotView.swift; sourceTree = "<group>"; };
		057AC8AD2A5E931E005BFE43 /* MockData.swift */ = {isa = PBXFileReference; lastKnownFileType = sourcecode.swift; path = MockData.swift; sourceTree = "<group>"; };
		057AD95F2A602B5E005BFE43 /* CannyAPI.swift */ = {isa = PBXFileReference; lastKnownFileType = sourcecode.swift; path = CannyAPI.swift; sourceTree = "<group>"; };
		057AD9612A602EDE005BFE43 /* Alamofire+Await.swift */ = {isa = PBXFileReference; lastKnownFileType = sourcecode.swift; path = "Alamofire+Await.swift"; sourceTree = "<group>"; };
		057AD9632A6120D0005BFE43 /* Hackathon-Bridging-Header.h */ = {isa = PBXFileReference; lastKnownFileType = sourcecode.c.h; path = "Hackathon-Bridging-Header.h"; sourceTree = "<group>"; };
		057AD9642A6120D1005BFE43 /* OpenCVWrapper.h */ = {isa = PBXFileReference; lastKnownFileType = sourcecode.c.h; path = OpenCVWrapper.h; sourceTree = "<group>"; };
		057AD9652A6120D1005BFE43 /* OpenCVWrapper.mm */ = {isa = PBXFileReference; lastKnownFileType = sourcecode.cpp.objcpp; path = OpenCVWrapper.mm; sourceTree = "<group>"; };
		10898F4F48064F50292862E7 /* Pods_Hackathon.framework */ = {isa = PBXFileReference; explicitFileType = wrapper.framework; includeInIndex = 0; path = Pods_Hackathon.framework; sourceTree = BUILT_PRODUCTS_DIR; };
		5AD02025BFC95154B9A847E8 /* Pods-Hackathon.debug.xcconfig */ = {isa = PBXFileReference; includeInIndex = 1; lastKnownFileType = text.xcconfig; name = "Pods-Hackathon.debug.xcconfig"; path = "Target Support Files/Pods-Hackathon/Pods-Hackathon.debug.xcconfig"; sourceTree = "<group>"; };
		66927EE3B25E5EC978CCC3A3 /* Pods-Hackathon.release.xcconfig */ = {isa = PBXFileReference; includeInIndex = 1; lastKnownFileType = text.xcconfig; name = "Pods-Hackathon.release.xcconfig"; path = "Target Support Files/Pods-Hackathon/Pods-Hackathon.release.xcconfig"; sourceTree = "<group>"; };
/* End PBXFileReference section */

/* Begin PBXFrameworksBuildPhase section */
		057A712A2A5B9E9C005BFE43 /* Frameworks */ = {
			isa = PBXFrameworksBuildPhase;
			buildActionMask = 2147483647;
			files = (
				BA02D638DF1705019F614B88 /* Pods_Hackathon.framework in Frameworks */,
			);
			runOnlyForDeploymentPostprocessing = 0;
		};
/* End PBXFrameworksBuildPhase section */

/* Begin PBXGroup section */
		030032EE2A5D676200AC9516 /* Network */ = {
			isa = PBXGroup;
			children = (
				030032EF2A5D676200AC9516 /* OpenAIRequest.swift */,
				03003F372A5D747000AC9516 /* OpenAIResponse.swift */,
			);
			path = Network;
			sourceTree = "<group>";
		};
		0397EB0C2A6027B700F659C0 /* Common */ = {
			isa = PBXGroup;
			children = (
				0397EB0D2A6027B700F659C0 /* JsonTool.swift */,
			);
			path = Common;
			sourceTree = "<group>";
		};
		057A71242A5B9E9C005BFE43 = {
			isa = PBXGroup;
			children = (
				057A712F2A5B9E9C005BFE43 /* Hackathon */,
				057A712E2A5B9E9C005BFE43 /* Products */,
				6AE031972C7C744537491D5D /* Pods */,
				7C8CD49212786B8B49AA79AB /* Frameworks */,
			);
			sourceTree = "<group>";
		};
		057A712E2A5B9E9C005BFE43 /* Products */ = {
			isa = PBXGroup;
			children = (
				057A712D2A5B9E9C005BFE43 /* Hackathon.app */,
			);
			name = Products;
			sourceTree = "<group>";
		};
		057A712F2A5B9E9C005BFE43 /* Hackathon */ = {
			isa = PBXGroup;
			children = (
				030032F12A5D68C600AC9516 /* Info.plist */,
				0397EB0C2A6027B700F659C0 /* Common */,
				030032EE2A5D676200AC9516 /* Network */,
				057A71302A5B9E9C005BFE43 /* HackathonApp.swift */,
				057A71322A5B9E9C005BFE43 /* ContentView.swift */,
				057A99602A5C36C0005BFE43 /* StoryGeneratorView.swift */,
				057AB0452A5D77D6005BFE43 /* ShotListView.swift */,
				057AB0472A5D7CD1005BFE43 /* EditShotView.swift */,
				057A71342A5B9E9D005BFE43 /* Assets.xcassets */,
				057A71362A5B9E9D005BFE43 /* Preview Content */,
				057AC8AD2A5E931E005BFE43 /* MockData.swift */,
				057AD95F2A602B5E005BFE43 /* CannyAPI.swift */,
				057AD9612A602EDE005BFE43 /* Alamofire+Await.swift */,
				057AD9642A6120D1005BFE43 /* OpenCVWrapper.h */,
				057AD9652A6120D1005BFE43 /* OpenCVWrapper.mm */,
				057AD9632A6120D0005BFE43 /* Hackathon-Bridging-Header.h */,
			);
			path = Hackathon;
			sourceTree = "<group>";
		};
		057A71362A5B9E9D005BFE43 /* Preview Content */ = {
			isa = PBXGroup;
			children = (
				057A71372A5B9E9D005BFE43 /* Preview Assets.xcassets */,
			);
			path = "Preview Content";
			sourceTree = "<group>";
		};
		6AE031972C7C744537491D5D /* Pods */ = {
			isa = PBXGroup;
			children = (
				5AD02025BFC95154B9A847E8 /* Pods-Hackathon.debug.xcconfig */,
				66927EE3B25E5EC978CCC3A3 /* Pods-Hackathon.release.xcconfig */,
			);
			path = Pods;
			sourceTree = "<group>";
		};
		7C8CD49212786B8B49AA79AB /* Frameworks */ = {
			isa = PBXGroup;
			children = (
				10898F4F48064F50292862E7 /* Pods_Hackathon.framework */,
			);
			name = Frameworks;
			sourceTree = "<group>";
		};
/* End PBXGroup section */

/* Begin PBXNativeTarget section */
		057A712C2A5B9E9C005BFE43 /* Hackathon */ = {
			isa = PBXNativeTarget;
			buildConfigurationList = 057A713B2A5B9E9D005BFE43 /* Build configuration list for PBXNativeTarget "Hackathon" */;
			buildPhases = (
				460AEBAFCA80AE6187AD9433 /* [CP] Check Pods Manifest.lock */,
				057A71292A5B9E9C005BFE43 /* Sources */,
				057A712A2A5B9E9C005BFE43 /* Frameworks */,
				057A712B2A5B9E9C005BFE43 /* Resources */,
				BBA0EDCDA9252D226DD2B2D9 /* [CP] Embed Pods Frameworks */,
			);
			buildRules = (
			);
			dependencies = (
			);
			name = Hackathon;
			productName = Hackathon;
			productReference = 057A712D2A5B9E9C005BFE43 /* Hackathon.app */;
			productType = "com.apple.product-type.application";
		};
/* End PBXNativeTarget section */

/* Begin PBXProject section */
		057A71252A5B9E9C005BFE43 /* Project object */ = {
			isa = PBXProject;
			attributes = {
				BuildIndependentTargetsInParallel = 1;
				LastSwiftUpdateCheck = 1430;
				LastUpgradeCheck = 1430;
				TargetAttributes = {
					057A712C2A5B9E9C005BFE43 = {
						CreatedOnToolsVersion = 14.3.1;
						LastSwiftMigration = 1430;
					};
				};
			};
			buildConfigurationList = 057A71282A5B9E9C005BFE43 /* Build configuration list for PBXProject "Hackathon" */;
			compatibilityVersion = "Xcode 14.0";
			developmentRegion = en;
			hasScannedForEncodings = 0;
			knownRegions = (
				en,
				Base,
			);
			mainGroup = 057A71242A5B9E9C005BFE43;
			productRefGroup = 057A712E2A5B9E9C005BFE43 /* Products */;
			projectDirPath = "";
			projectRoot = "";
			targets = (
				057A712C2A5B9E9C005BFE43 /* Hackathon */,
			);
		};
/* End PBXProject section */

/* Begin PBXResourcesBuildPhase section */
		057A712B2A5B9E9C005BFE43 /* Resources */ = {
			isa = PBXResourcesBuildPhase;
			buildActionMask = 2147483647;
			files = (
				057A71382A5B9E9D005BFE43 /* Preview Assets.xcassets in Resources */,
				057A71352A5B9E9D005BFE43 /* Assets.xcassets in Resources */,
			);
			runOnlyForDeploymentPostprocessing = 0;
		};
/* End PBXResourcesBuildPhase section */

/* Begin PBXShellScriptBuildPhase section */
		460AEBAFCA80AE6187AD9433 /* [CP] Check Pods Manifest.lock */ = {
			isa = PBXShellScriptBuildPhase;
			buildActionMask = 2147483647;
			files = (
			);
			inputFileListPaths = (
			);
			inputPaths = (
				"${PODS_PODFILE_DIR_PATH}/Podfile.lock",
				"${PODS_ROOT}/Manifest.lock",
			);
			name = "[CP] Check Pods Manifest.lock";
			outputFileListPaths = (
			);
			outputPaths = (
				"$(DERIVED_FILE_DIR)/Pods-Hackathon-checkManifestLockResult.txt",
			);
			runOnlyForDeploymentPostprocessing = 0;
			shellPath = /bin/sh;
			shellScript = "diff \"${PODS_PODFILE_DIR_PATH}/Podfile.lock\" \"${PODS_ROOT}/Manifest.lock\" > /dev/null\nif [ $? != 0 ] ; then\n    # print error to STDERR\n    echo \"error: The sandbox is not in sync with the Podfile.lock. Run 'pod install' or update your CocoaPods installation.\" >&2\n    exit 1\nfi\n# This output is used by Xcode 'outputs' to avoid re-running this script phase.\necho \"SUCCESS\" > \"${SCRIPT_OUTPUT_FILE_0}\"\n";
			showEnvVarsInLog = 0;
		};
		BBA0EDCDA9252D226DD2B2D9 /* [CP] Embed Pods Frameworks */ = {
			isa = PBXShellScriptBuildPhase;
			buildActionMask = 2147483647;
			files = (
			);
			inputFileListPaths = (
				"${PODS_ROOT}/Target Support Files/Pods-Hackathon/Pods-Hackathon-frameworks-${CONFIGURATION}-input-files.xcfilelist",
			);
			name = "[CP] Embed Pods Frameworks";
			outputFileListPaths = (
				"${PODS_ROOT}/Target Support Files/Pods-Hackathon/Pods-Hackathon-frameworks-${CONFIGURATION}-output-files.xcfilelist",
			);
			runOnlyForDeploymentPostprocessing = 0;
			shellPath = /bin/sh;
			shellScript = "\"${PODS_ROOT}/Target Support Files/Pods-Hackathon/Pods-Hackathon-frameworks.sh\"\n";
			showEnvVarsInLog = 0;
		};
/* End PBXShellScriptBuildPhase section */

/* Begin PBXSourcesBuildPhase section */
		057A71292A5B9E9C005BFE43 /* Sources */ = {
			isa = PBXSourcesBuildPhase;
			buildActionMask = 2147483647;
			files = (
				057AB0482A5D7CD1005BFE43 /* EditShotView.swift in Sources */,
				0397EB0E2A6027B700F659C0 /* JsonTool.swift in Sources */,
				057AD9622A602EDE005BFE43 /* Alamofire+Await.swift in Sources */,
				057AC8AE2A5E931E005BFE43 /* MockData.swift in Sources */,
				057A71332A5B9E9C005BFE43 /* ContentView.swift in Sources */,
				057A99612A5C36C0005BFE43 /* StoryGeneratorView.swift in Sources */,
				057AD9662A6120D1005BFE43 /* OpenCVWrapper.mm in Sources */,
				057AB0462A5D77D6005BFE43 /* ShotListView.swift in Sources */,
				057A71312A5B9E9C005BFE43 /* HackathonApp.swift in Sources */,
				03003F382A5D747000AC9516 /* OpenAIResponse.swift in Sources */,
				030032F02A5D676200AC9516 /* OpenAIRequest.swift in Sources */,
				057AD9602A602B5E005BFE43 /* CannyAPI.swift in Sources */,
			);
			runOnlyForDeploymentPostprocessing = 0;
		};
/* End PBXSourcesBuildPhase section */

/* Begin XCBuildConfiguration section */
		057A71392A5B9E9D005BFE43 /* Debug */ = {
			isa = XCBuildConfiguration;
			buildSettings = {
				ALWAYS_SEARCH_USER_PATHS = NO;
				CLANG_ANALYZER_NONNULL = YES;
				CLANG_ANALYZER_NUMBER_OBJECT_CONVERSION = YES_AGGRESSIVE;
				CLANG_CXX_LANGUAGE_STANDARD = "gnu++20";
				CLANG_ENABLE_MODULES = YES;
				CLANG_ENABLE_OBJC_ARC = YES;
				CLANG_ENABLE_OBJC_WEAK = YES;
				CLANG_WARN_BLOCK_CAPTURE_AUTORELEASING = YES;
				CLANG_WARN_BOOL_CONVERSION = YES;
				CLANG_WARN_COMMA = YES;
				CLANG_WARN_CONSTANT_CONVERSION = YES;
				CLANG_WARN_DEPRECATED_OBJC_IMPLEMENTATIONS = YES;
				CLANG_WARN_DIRECT_OBJC_ISA_USAGE = YES_ERROR;
				CLANG_WARN_DOCUMENTATION_COMMENTS = YES;
				CLANG_WARN_EMPTY_BODY = YES;
				CLANG_WARN_ENUM_CONVERSION = YES;
				CLANG_WARN_INFINITE_RECURSION = YES;
				CLANG_WARN_INT_CONVERSION = YES;
				CLANG_WARN_NON_LITERAL_NULL_CONVERSION = YES;
				CLANG_WARN_OBJC_IMPLICIT_RETAIN_SELF = YES;
				CLANG_WARN_OBJC_LITERAL_CONVERSION = YES;
				CLANG_WARN_OBJC_ROOT_CLASS = YES_ERROR;
				CLANG_WARN_QUOTED_INCLUDE_IN_FRAMEWORK_HEADER = YES;
				CLANG_WARN_RANGE_LOOP_ANALYSIS = YES;
				CLANG_WARN_STRICT_PROTOTYPES = YES;
				CLANG_WARN_SUSPICIOUS_MOVE = YES;
				CLANG_WARN_UNGUARDED_AVAILABILITY = YES_AGGRESSIVE;
				CLANG_WARN_UNREACHABLE_CODE = YES;
				CLANG_WARN__DUPLICATE_METHOD_MATCH = YES;
				COPY_PHASE_STRIP = NO;
				DEBUG_INFORMATION_FORMAT = dwarf;
				ENABLE_STRICT_OBJC_MSGSEND = YES;
				ENABLE_TESTABILITY = YES;
				GCC_C_LANGUAGE_STANDARD = gnu11;
				GCC_DYNAMIC_NO_PIC = NO;
				GCC_NO_COMMON_BLOCKS = YES;
				GCC_OPTIMIZATION_LEVEL = 0;
				GCC_PREPROCESSOR_DEFINITIONS = (
					"DEBUG=1",
					"$(inherited)",
				);
				GCC_WARN_64_TO_32_BIT_CONVERSION = YES;
				GCC_WARN_ABOUT_RETURN_TYPE = YES_ERROR;
				GCC_WARN_UNDECLARED_SELECTOR = YES;
				GCC_WARN_UNINITIALIZED_AUTOS = YES_AGGRESSIVE;
				GCC_WARN_UNUSED_FUNCTION = YES;
				GCC_WARN_UNUSED_VARIABLE = YES;
				IPHONEOS_DEPLOYMENT_TARGET = 16.4;
				MTL_ENABLE_DEBUG_INFO = INCLUDE_SOURCE;
				MTL_FAST_MATH = YES;
				ONLY_ACTIVE_ARCH = YES;
				SDKROOT = iphoneos;
				SWIFT_ACTIVE_COMPILATION_CONDITIONS = DEBUG;
				SWIFT_OPTIMIZATION_LEVEL = "-Onone";
			};
			name = Debug;
		};
		057A713A2A5B9E9D005BFE43 /* Release */ = {
			isa = XCBuildConfiguration;
			buildSettings = {
				ALWAYS_SEARCH_USER_PATHS = NO;
				CLANG_ANALYZER_NONNULL = YES;
				CLANG_ANALYZER_NUMBER_OBJECT_CONVERSION = YES_AGGRESSIVE;
				CLANG_CXX_LANGUAGE_STANDARD = "gnu++20";
				CLANG_ENABLE_MODULES = YES;
				CLANG_ENABLE_OBJC_ARC = YES;
				CLANG_ENABLE_OBJC_WEAK = YES;
				CLANG_WARN_BLOCK_CAPTURE_AUTORELEASING = YES;
				CLANG_WARN_BOOL_CONVERSION = YES;
				CLANG_WARN_COMMA = YES;
				CLANG_WARN_CONSTANT_CONVERSION = YES;
				CLANG_WARN_DEPRECATED_OBJC_IMPLEMENTATIONS = YES;
				CLANG_WARN_DIRECT_OBJC_ISA_USAGE = YES_ERROR;
				CLANG_WARN_DOCUMENTATION_COMMENTS = YES;
				CLANG_WARN_EMPTY_BODY = YES;
				CLANG_WARN_ENUM_CONVERSION = YES;
				CLANG_WARN_INFINITE_RECURSION = YES;
				CLANG_WARN_INT_CONVERSION = YES;
				CLANG_WARN_NON_LITERAL_NULL_CONVERSION = YES;
				CLANG_WARN_OBJC_IMPLICIT_RETAIN_SELF = YES;
				CLANG_WARN_OBJC_LITERAL_CONVERSION = YES;
				CLANG_WARN_OBJC_ROOT_CLASS = YES_ERROR;
				CLANG_WARN_QUOTED_INCLUDE_IN_FRAMEWORK_HEADER = YES;
				CLANG_WARN_RANGE_LOOP_ANALYSIS = YES;
				CLANG_WARN_STRICT_PROTOTYPES = YES;
				CLANG_WARN_SUSPICIOUS_MOVE = YES;
				CLANG_WARN_UNGUARDED_AVAILABILITY = YES_AGGRESSIVE;
				CLANG_WARN_UNREACHABLE_CODE = YES;
				CLANG_WARN__DUPLICATE_METHOD_MATCH = YES;
				COPY_PHASE_STRIP = NO;
				DEBUG_INFORMATION_FORMAT = "dwarf-with-dsym";
				ENABLE_NS_ASSERTIONS = NO;
				ENABLE_STRICT_OBJC_MSGSEND = YES;
				GCC_C_LANGUAGE_STANDARD = gnu11;
				GCC_NO_COMMON_BLOCKS = YES;
				GCC_WARN_64_TO_32_BIT_CONVERSION = YES;
				GCC_WARN_ABOUT_RETURN_TYPE = YES_ERROR;
				GCC_WARN_UNDECLARED_SELECTOR = YES;
				GCC_WARN_UNINITIALIZED_AUTOS = YES_AGGRESSIVE;
				GCC_WARN_UNUSED_FUNCTION = YES;
				GCC_WARN_UNUSED_VARIABLE = YES;
				IPHONEOS_DEPLOYMENT_TARGET = 16.4;
				MTL_ENABLE_DEBUG_INFO = NO;
				MTL_FAST_MATH = YES;
				SDKROOT = iphoneos;
				SWIFT_COMPILATION_MODE = wholemodule;
				SWIFT_OPTIMIZATION_LEVEL = "-O";
				VALIDATE_PRODUCT = YES;
			};
			name = Release;
		};
		057A713C2A5B9E9D005BFE43 /* Debug */ = {
			isa = XCBuildConfiguration;
			baseConfigurationReference = 5AD02025BFC95154B9A847E8 /* Pods-Hackathon.debug.xcconfig */;
			buildSettings = {
				ASSETCATALOG_COMPILER_APPICON_NAME = AppIcon;
				ASSETCATALOG_COMPILER_GLOBAL_ACCENT_COLOR_NAME = AccentColor;
				CLANG_ENABLE_MODULES = YES;
				CODE_SIGN_STYLE = Automatic;
				CURRENT_PROJECT_VERSION = 1;
				DEVELOPMENT_ASSET_PATHS = "\"Hackathon/Preview Content\"";
				DEVELOPMENT_TEAM = X7974VW6G9;
				ENABLE_PREVIEWS = YES;
				GENERATE_INFOPLIST_FILE = YES;
				INFOPLIST_FILE = Hackathon/Info.plist;
				INFOPLIST_KEY_UIApplicationSceneManifest_Generation = YES;
				INFOPLIST_KEY_UIApplicationSupportsIndirectInputEvents = YES;
				INFOPLIST_KEY_UILaunchScreen_Generation = YES;
				INFOPLIST_KEY_UISupportedInterfaceOrientations_iPad = "UIInterfaceOrientationPortrait UIInterfaceOrientationPortraitUpsideDown UIInterfaceOrientationLandscapeLeft UIInterfaceOrientationLandscapeRight";
				INFOPLIST_KEY_UISupportedInterfaceOrientations_iPhone = "UIInterfaceOrientationPortrait UIInterfaceOrientationLandscapeLeft UIInterfaceOrientationLandscapeRight";
				IPHONEOS_DEPLOYMENT_TARGET = 16.0;
				LD_RUNPATH_SEARCH_PATHS = (
					"$(inherited)",
					"@executable_path/Frameworks",
				);
				MARKETING_VERSION = 1.0;
				PRODUCT_BUNDLE_IDENTIFIER = com.kkworld.shulong.Hackathon;
				PRODUCT_NAME = "$(TARGET_NAME)";
				SWIFT_EMIT_LOC_STRINGS = YES;
				SWIFT_OBJC_BRIDGING_HEADER = "Hackathon/Hackathon-Bridging-Header.h";
				SWIFT_OPTIMIZATION_LEVEL = "-Onone";
				SWIFT_VERSION = 5.0;
				TARGETED_DEVICE_FAMILY = "1,2";
			};
			name = Debug;
		};
		057A713D2A5B9E9D005BFE43 /* Release */ = {
			isa = XCBuildConfiguration;
			baseConfigurationReference = 66927EE3B25E5EC978CCC3A3 /* Pods-Hackathon.release.xcconfig */;
			buildSettings = {
				ASSETCATALOG_COMPILER_APPICON_NAME = AppIcon;
				ASSETCATALOG_COMPILER_GLOBAL_ACCENT_COLOR_NAME = AccentColor;
				CLANG_ENABLE_MODULES = YES;
				CODE_SIGN_STYLE = Automatic;
				CURRENT_PROJECT_VERSION = 1;
				DEVELOPMENT_ASSET_PATHS = "\"Hackathon/Preview Content\"";
				DEVELOPMENT_TEAM = X7974VW6G9;
				ENABLE_PREVIEWS = YES;
				GENERATE_INFOPLIST_FILE = YES;
				INFOPLIST_FILE = Hackathon/Info.plist;
				INFOPLIST_KEY_UIApplicationSceneManifest_Generation = YES;
				INFOPLIST_KEY_UIApplicationSupportsIndirectInputEvents = YES;
				INFOPLIST_KEY_UILaunchScreen_Generation = YES;
				INFOPLIST_KEY_UISupportedInterfaceOrientations_iPad = "UIInterfaceOrientationPortrait UIInterfaceOrientationPortraitUpsideDown UIInterfaceOrientationLandscapeLeft UIInterfaceOrientationLandscapeRight";
				INFOPLIST_KEY_UISupportedInterfaceOrientations_iPhone = "UIInterfaceOrientationPortrait UIInterfaceOrientationLandscapeLeft UIInterfaceOrientationLandscapeRight";
				IPHONEOS_DEPLOYMENT_TARGET = 16.0;
				LD_RUNPATH_SEARCH_PATHS = (
					"$(inherited)",
					"@executable_path/Frameworks",
				);
				MARKETING_VERSION = 1.0;
				PRODUCT_BUNDLE_IDENTIFIER = com.kkworld.shulong.Hackathon;
				PRODUCT_NAME = "$(TARGET_NAME)";
				SWIFT_EMIT_LOC_STRINGS = YES;
				SWIFT_OBJC_BRIDGING_HEADER = "Hackathon/Hackathon-Bridging-Header.h";
				SWIFT_VERSION = 5.0;
				TARGETED_DEVICE_FAMILY = "1,2";
			};
			name = Release;
		};
/* End XCBuildConfiguration section */

/* Begin XCConfigurationList section */
		057A71282A5B9E9C005BFE43 /* Build configuration list for PBXProject "Hackathon" */ = {
			isa = XCConfigurationList;
			buildConfigurations = (
				057A71392A5B9E9D005BFE43 /* Debug */,
				057A713A2A5B9E9D005BFE43 /* Release */,
			);
			defaultConfigurationIsVisible = 0;
			defaultConfigurationName = Release;
		};
		057A713B2A5B9E9D005BFE43 /* Build configuration list for PBXNativeTarget "Hackathon" */ = {
			isa = XCConfigurationList;
			buildConfigurations = (
				057A713C2A5B9E9D005BFE43 /* Debug */,
				057A713D2A5B9E9D005BFE43 /* Release */,
			);
			defaultConfigurationIsVisible = 0;
			defaultConfigurationName = Release;
		};
/* End XCConfigurationList section */
	};
	rootObject = 057A71252A5B9E9C005BFE43 /* Project object */;
}
